
Microsoft Visual Studio Solution File, Format Version 12.00
# Visual Studio Version 17
VisualStudioVersion = 17.8.34309.116
MinimumVisualStudioVersion = 10.0.40219.1
Project("{7CF6DF6D-3B04-46F8-A40B-537D21BCA0B4}") = "Fluent.Calculations.Primitives", "Fluent.Calculations.Primitives.shfbproj", "{C16072FB-E788-4818-BEF3-149AE7AD6EF2}"
EndProject
Global
	GlobalSection(SolutionConfigurationPlatforms) = preSolution
		Debug|Any CPU = Debug|Any CPU
		Release|Any CPU = Release|Any CPU
	EndGlobalSection
	GlobalSection(ProjectConfigurationPlatforms) = postSolution
		{C16072FB-E788-4818-BEF3-149AE7AD6EF2}.Debug|Any CPU.ActiveCfg = Debug|Any CPU
		{C16072FB-E788-4818-BEF3-149AE7AD6EF2}.Debug|Any CPU.Build.0 = Debug|Any CPU
		{C16072FB-E788-4818-BEF3-149AE7AD6EF2}.Release|Any CPU.ActiveCfg = Release|Any CPU
		{C16072FB-E788-4818-BEF3-149AE7AD6EF2}.Release|Any CPU.Build.0 = Release|Any CPU
	EndGlobalSection
	GlobalSection(SolutionProperties) = preSolution
		HideSolutionNode = FALSE
	EndGlobalSection
	GlobalSection(ExtensibilityGlobals) = postSolution
		SolutionGuid = {44C0B47D-664E-425E-B112-2DECEDDFBFA9}
	EndGlobalSection
EndGlobal
